<?xml version="1.0" encoding="UTF-8" standalone="yes" ?>
<CodeBlocks_project_file>
	<FileVersion major="1" minor="6" />
	<Project>
		<Option title="ngpodwc" />
		<Option compiler="gcc" />
		<Build>
			<Target title="ngpodwc_Debug">
				<Option output="ngpodwc_ud.exe" prefix_auto="0" extension_auto="0" />
				<Option object_output=".objs\debug" />
				<Option type="0" />
				<Option compiler="gcc" />
				<Option parameters="-c" />
				<Option projectLinkerOptionsRelation="1" />
				<Compiler>
					<Add option="-g" />
					<Add option="-D__WXDEBUG__" />
					<Add directory="$(#wx)\lib\gcc_dll\mswud" />
				</Compiler>
				<ResourceCompiler>
					<Add directory="$(#wx)\lib\gcc_dll\mswud" />
				</ResourceCompiler>
				<Linker>
					<Add library="wxmsw28ud" />
				</Linker>
			</Target>
			<Target title="ngpodwc_Release">
				<Option output="ngpodwc_u.exe" prefix_auto="0" extension_auto="0" />
				<Option object_output=".objs\release" />
				<Option type="0" />
				<Option compiler="gcc" />
				<Compiler>
					<Add option="-O3" />
					<Add option="-O2" />
					<Add option="-O1" />
					<Add option="-O" />
					<Add directory="$(#wx)\lib\gcc_dll\mswu" />
				</Compiler>
				<ResourceCompiler>
					<Add directory="$(#wx)\lib\gcc_dll\mswu" />
				</ResourceCompiler>
			</Target>
			<Target title="ngpodwcc_Debug">
				<Option output="ngpodwcc_ud.exe" prefix_auto="0" extension_auto="0" />
				<Option object_output=".objs\debug" />
				<Option type="0" />
				<Option compiler="gcc" />
				<Option projectLinkerOptionsRelation="1" />
				<Option projectIncludeDirsRelation="2" />
				<Option projectResourceIncludeDirsRelation="0" />
				<Compiler>
					<Add option="-g" />
					<Add option="-D__WXDEBUG__" />
					<Add directory="$(#WX.lib)\gcc_dll$(WX_CFG)\mswud" />
				</Compiler>
				<Linker>
					<Add library="wxmsw28ud" />
				</Linker>
			</Target>
			<Target title="ngpodwcc_Release">
				<Option output="ngpodwcc_u.exe" prefix_auto="0" extension_auto="0" />
				<Option object_output=".objs\release" />
				<Option type="0" />
				<Option compiler="gcc" />
				<Option projectResourceIncludeDirsRelation="0" />
				<Compiler>
					<Add option="-O3" />
					<Add option="-O2" />
					<Add option="-O1" />
					<Add option="-O" />
				</Compiler>
			</Target>
			<Environment>
				<Variable name="WX_CFG" value="" />
			</Environment>
		</Build>
		<VirtualTargets>
			<Add alias="All" targets="ngpodwc_Release;ngpodwcc_Release;" />
		</VirtualTargets>
		<Compiler>
			<Add option="-Wall" />
			<Add option="-pipe" />
			<Add option="-mthreads" />
			<Add option='[[if (PLATFORM == PLATFORM_MSW &amp;&amp; (GetCompilerFactory().GetCompilerVersionString(_T(&quot;gcc&quot;)) &gt;= _T(&quot;4.0.0&quot;))) print(_T(&quot;-Wno-attributes&quot;));]]' />
			<Add option="-Winvalid-pch" />
			<Add option="-include wx_pch.h" />
			<Add option="-D__GNUWIN32__" />
			<Add option="-D__WXMSW__" />
			<Add option="-DWXUSINGDLL" />
			<Add option="-DwxUSE_UNICODE" />
			<Add option="-DWX_PRECOMP" />
			<Add directory="$(#wx)\include" />
			<Add directory="$(#wx)\contrib\include" />
		</Compiler>
		<ResourceCompiler>
			<Add directory="$(#wx)\include" />
		</ResourceCompiler>
		<Linker>
			<Add library="wxmsw28u" />
			<Add directory="$(#WX.lib)\gcc_dll$(WX_CFG)" />
			<Add directory="$(#WX.lib)" />
		</Linker>
		<Unit filename="GUIFrame.cpp" />
		<Unit filename="GUIFrame.h" />
		<Unit filename="common_config.cpp" />
		<Unit filename="common_config.h" />
		<Unit filename="common_globals.cpp" />
		<Unit filename="common_globals.h" />
		<Unit filename="common_ngpod_base.cpp">
			<Option target="ngpodwc_Debug" />
			<Option target="ngpodwc_Release" />
		</Unit>
		<Unit filename="common_ngpod_base.h">
			<Option target="ngpodwc_Debug" />
			<Option target="ngpodwc_Release" />
		</Unit>
		<Unit filename="common_wallpaper_base.cpp">
			<Option target="ngpodwc_Debug" />
			<Option target="ngpodwc_Release" />
		</Unit>
		<Unit filename="common_wallpaper_base.h">
			<Option target="ngpodwc_Debug" />
			<Option target="ngpodwc_Release" />
		</Unit>
		<Unit filename="common_wallpaper_localpicture.cpp">
			<Option target="ngpodwc_Debug" />
			<Option target="ngpodwc_Release" />
		</Unit>
		<Unit filename="common_wallpaper_localpicture.h">
			<Option target="ngpodwc_Debug" />
			<Option target="ngpodwc_Release" />
		</Unit>
		<Unit filename="common_wallpaper_ngpod.cpp">
			<Option target="ngpodwc_Debug" />
			<Option target="ngpodwc_Release" />
		</Unit>
		<Unit filename="common_wallpaper_ngpod.h">
			<Option target="ngpodwc_Debug" />
			<Option target="ngpodwc_Release" />
		</Unit>
		<Unit filename="common_wallpaper_ngpod_online.cpp">
			<Option target="ngpodwc_Debug" />
			<Option target="ngpodwc_Release" />
		</Unit>
		<Unit filename="common_wallpaper_ngpod_online.h">
			<Option target="ngpodwc_Debug" />
			<Option target="ngpodwc_Release" />
		</Unit>
		<Unit filename="common_wallpaper_operation.cpp">
			<Option target="ngpodwc_Debug" />
			<Option target="ngpodwc_Release" />
		</Unit>
		<Unit filename="common_wallpaper_operation.h">
			<Option target="ngpodwc_Debug" />
			<Option target="ngpodwc_Release" />
		</Unit>
		<Unit filename="dialogAbout.cpp" />
		<Unit filename="dialogAbout.h" />
		<Unit filename="dialogConfigPanel.cpp" />
		<Unit filename="dialogConfigPanel.h" />
		<Unit filename="dialogMiniPanel.cpp" />
		<Unit filename="dialogMiniPanel.h" />
		<Unit filename="docs\history.txt" />
		<Unit filename="docs\licence.txt" />
		<Unit filename="docs\readme.txt" />
		<Unit filename="docs\todos.txt" />
		<Unit filename="install\ngpodwc.nsi" />
		<Unit filename="ngpodwc.fbp" />
		<Unit filename="ngpodwc.rc">
			<Option compilerVar="WINDRES" />
			<Option target="ngpodwc_Debug" />
			<Option target="ngpodwc_Release" />
		</Unit>
		<Unit filename="ngpodwcApp.cpp" />
		<Unit filename="ngpodwcApp.h" />
		<Unit filename="ngpodwcMain.cpp" />
		<Unit filename="ngpodwcMain.h" />
		<Unit filename="ngpodwc_common_datetime.cpp" />
		<Unit filename="ngpodwc_common_datetime.h" />
		<Unit filename="ngpodwc_common_ngpodinfo.cpp">
			<Option target="ngpodwc_Debug" />
			<Option target="ngpodwc_Release" />
		</Unit>
		<Unit filename="ngpodwc_common_ngpodinfo.h">
			<Option target="ngpodwc_Debug" />
			<Option target="ngpodwc_Release" />
		</Unit>
		<Unit filename="ngpodwcc.rc">
			<Option compilerVar="WINDRES" />
			<Option target="ngpodwcc_Debug" />
			<Option target="ngpodwcc_Release" />
		</Unit>
		<Unit filename="version.h" />
		<Unit filename="wx_pch.h">
			<Option compile="1" />
			<Option weight="0" />
		</Unit>
		<Extensions>
			<code_completion />
			<envvars set="default" />
			<debugger />
			<AutoVersioning>
				<Scheme minor_max="10" build_max="0" rev_max="0" rev_rand_max="10" build_times_to_increment_minor="100" />
				<Settings autoincrement="1" date_declarations="1" do_auto_increment="0" ask_to_increment="0" language="C++" svn="1" svn_directory="D:\My Documents\Code Blocks Projects\ngpodwc\.svn" header_path="version.h" />
				<Changes_Log show_changes_editor="0" app_title="released version %M.%m.%b of %p" changeslog_path="ChangesLog.txt" />
			</AutoVersioning>
		</Extensions>
	</Project>
</CodeBlocks_project_file>
